github.com/PuerkitoBio/goquery v0.0.0-20181014175806-2af3d16e2bb8 h1:zh7tQRaLtgDiTju6PMFUbcJsb6JsU69P1wdHJx3iE7Y=
github.com/PuerkitoBio/goquery v0.0.0-20181014175806-2af3d16e2bb8/go.mod h1:T9ezsOHcCrDCgA8aF1Cqr3sSYbO/xgdy8/R/XiIMAhA=
github.com/andybalholm/cascadia v1.0.0 h1:hOCXnnZ5A+3eVDX8pvgl4kofXv2ELss0bKcqRySc45o=
github.com/andybalholm/cascadia v1.0.0/go.mod h1:GsXiBklL0woXo1j/WYWtSYYC4ouU9PqHO0sqidkEA4Y=
github.com/emicklei/go-restful v2.8.0+incompatible h1:wN8GCRDPGHguIynsnBartv5GUgGUg1LAU7+xnSn1j7Q=
github.com/emicklei/go-restful v2.8.0+incompatible/go.mod h1:otzb+WCGbkyDHkqmQmT5YD2WR4BBwUdeQoFo8l/7tVs=
golang.org/x/net v0.0.0-20180218175443-cbe0f9307d01/go.mod h1:mL1N/T3taQHkDXs73rZJwtUhF3w3ftmwwsq0BUmARs4=
golang.org/x/net v0.0.0-20190108225652-1e06a53dbb7e h1:bRhVy7zSSasaqNksaRZiA5EEI+Ei4I1nO5Jh72wfHlg=
golang.org/x/net v0.0.0-20190108225652-1e06a53dbb7e/go.mod h1:mL1N/T3taQHkDXs73rZJwtUhF3w3ftmwwsq0BUmARs4=
